
Microsoft Visual Studio Solution File, Format Version 12.00
# Visual Studio Version 17
VisualStudioVersion = 17.14.36429.23 d17.14
MinimumVisualStudioVersion = 10.0.40219.1
Project("{FAE04EC0-301F-11D3-BF4B-00C04F79EFBC}") = "DbOperationWithEfCoreApp", "DbOperationWithEfCoreApp\DbOperationWithEfCoreApp.csproj", "{5F35E0A7-D186-4027-A563-D9421F23AB37}"
EndProject
Global
	GlobalSection(SolutionConfigurationPlatforms) = preSolution
		Debug|Any CPU = Debug|Any CPU
		Release|Any CPU = Release|Any CPU
	EndGlobalSection
	GlobalSection(ProjectConfigurationPlatforms) = postSolution
		{5F35E0A7-D186-4027-A563-D9421F23AB37}.Debug|Any CPU.ActiveCfg = Debug|Any CPU
		{5F35E0A7-D186-4027-A563-D9421F23AB37}.Debug|Any CPU.Build.0 = Debug|Any CPU
		{5F35E0A7-D186-4027-A563-D9421F23AB37}.Release|Any CPU.ActiveCfg = Release|Any CPU
		{5F35E0A7-D186-4027-A563-D9421F23AB37}.Release|Any CPU.Build.0 = Release|Any CPU
	EndGlobalSection
	GlobalSection(SolutionProperties) = preSolution
		HideSolutionNode = FALSE
	EndGlobalSection
	GlobalSection(ExtensibilityGlobals) = postSolution
		SolutionGuid = {04E8D823-DB20-4B30-9B9F-60E34D2078E4}
	EndGlobalSection
EndGlobal
